dependencies:
- name: passbolt-library
  repository: https://download.passbolt.com/charts/passbolt-library
  version: 0.2.7
- name: mariadb
  repository: https://linprofs.github.io/helm-charts/
  version: 4.4.1
digest: sha256:4eb69dc5de139f95afb86799062e16e23810ce767af02de34b48a3b648ed639c
generated: "2025-11-05T13:17:34.724882574Z"
